// !$*UTF8*$!
{
	archiveVersion = 1;
	classes = {
	};
	objectVersion = 50;
	objects = {

/* Begin PBXBuildFile section */
		3673124D24CF500500E2A7C2 /* AppDelegate.swift in Sources */ = {isa = PBXBuildFile; fileRef = 3673124C24CF500500E2A7C2 /* AppDelegate.swift */; };
		3673124F24CF500500E2A7C2 /* SceneDelegate.swift in Sources */ = {isa = PBXBuildFile; fileRef = 3673124E24CF500500E2A7C2 /* SceneDelegate.swift */; };
		3673125124CF500500E2A7C2 /* ViewController.swift in Sources */ = {isa = PBXBuildFile; fileRef = 3673125024CF500500E2A7C2 /* ViewController.swift */; };
		3673125424CF500500E2A7C2 /* Main.storyboard in Resources */ = {isa = PBXBuildFile; fileRef = 3673125224CF500500E2A7C2 /* Main.storyboard */; };
		3673125724CF500500E2A7C2 /* pdsnd_github.xcdatamodeld in Sources */ = {isa = PBXBuildFile; fileRef = 3673125524CF500500E2A7C2 /* pdsnd_github.xcdatamodeld */; };
		3673125924CF500700E2A7C2 /* Assets.xcassets in Resources */ = {isa = PBXBuildFile; fileRef = 3673125824CF500700E2A7C2 /* Assets.xcassets */; };
		3673125C24CF500700E2A7C2 /* LaunchScreen.storyboard in Resources */ = {isa = PBXBuildFile; fileRef = 3673125A24CF500700E2A7C2 /* LaunchScreen.storyboard */; };
		3673126724CF500700E2A7C2 /* pdsnd_githubTests.swift in Sources */ = {isa = PBXBuildFile; fileRef = 3673126624CF500700E2A7C2 /* pdsnd_githubTests.swift */; };
		3673127224CF500700E2A7C2 /* pdsnd_githubUITests.swift in Sources */ = {isa = PBXBuildFile; fileRef = 3673127124CF500700E2A7C2 /* pdsnd_githubUITests.swift */; };
		3673128024CF7AFA00E2A7C2 /* pdsnd_github in Resources */ = {isa = PBXBuildFile; fileRef = 3673127F24CF7AFA00E2A7C2 /* pdsnd_github */; };
		3673128224CF7BDC00E2A7C2 /* bikeshare in Resources */ = {isa = PBXBuildFile; fileRef = 3673128124CF7BDC00E2A7C2 /* bikeshare */; };
		36F7740524CF7CD9009C5B23 /* dvdrental in Resources */ = {isa = PBXBuildFile; fileRef = 36F7740424CF7CD9009C5B23 /* dvdrental */; };
/* End PBXBuildFile section */

/* Begin PBXContainerItemProxy section */
		3673126324CF500700E2A7C2 /* PBXContainerItemProxy */ = {
			isa = PBXContainerItemProxy;
			containerPortal = 3673124124CF500500E2A7C2 /* Project object */;
			proxyType = 1;
			remoteGlobalIDString = 3673124824CF500500E2A7C2;
			remoteInfo = pdsnd_github;
		};
		3673126E24CF500700E2A7C2 /* PBXContainerItemProxy */ = {
			isa = PBXContainerItemProxy;
			containerPortal = 3673124124CF500500E2A7C2 /* Project object */;
			proxyType = 1;
			remoteGlobalIDString = 3673124824CF500500E2A7C2;
			remoteInfo = pdsnd_github;
		};
/* End PBXContainerItemProxy section */

/* Begin PBXFileReference section */
		3673124924CF500500E2A7C2 /* pdsnd_github.app */ = {isa = PBXFileReference; explicitFileType = wrapper.application; includeInIndex = 0; path = pdsnd_github.app; sourceTree = BUILT_PRODUCTS_DIR; };
		3673124C24CF500500E2A7C2 /* AppDelegate.swift */ = {isa = PBXFileReference; lastKnownFileType = sourcecode.swift; path = AppDelegate.swift; sourceTree = "<group>"; };
		3673124E24CF500500E2A7C2 /* SceneDelegate.swift */ = {isa = PBXFileReference; lastKnownFileType = sourcecode.swift; path = SceneDelegate.swift; sourceTree = "<group>"; };
		3673125024CF500500E2A7C2 /* ViewController.swift */ = {isa = PBXFileReference; lastKnownFileType = sourcecode.swift; path = ViewController.swift; sourceTree = "<group>"; };
		3673125324CF500500E2A7C2 /* Base */ = {isa = PBXFileReference; lastKnownFileType = file.storyboard; name = Base; path = Base.lproj/Main.storyboard; sourceTree = "<group>"; };
		3673125624CF500500E2A7C2 /* pdsnd_github.xcdatamodel */ = {isa = PBXFileReference; lastKnownFileType = wrapper.xcdatamodel; path = pdsnd_github.xcdatamodel; sourceTree = "<group>"; };
		3673125824CF500700E2A7C2 /* Assets.xcassets */ = {isa = PBXFileReference; lastKnownFileType = folder.assetcatalog; path = Assets.xcassets; sourceTree = "<group>"; };
		3673125B24CF500700E2A7C2 /* Base */ = {isa = PBXFileReference; lastKnownFileType = file.storyboard; name = Base; path = Base.lproj/LaunchScreen.storyboard; sourceTree = "<group>"; };
		3673125D24CF500700E2A7C2 /* Info.plist */ = {isa = PBXFileReference; lastKnownFileType = text.plist.xml; path = Info.plist; sourceTree = "<group>"; };
		3673126224CF500700E2A7C2 /* pdsnd_githubTests.xctest */ = {isa = PBXFileReference; explicitFileType = wrapper.cfbundle; includeInIndex = 0; path = pdsnd_githubTests.xctest; sourceTree = BUILT_PRODUCTS_DIR; };
		3673126624CF500700E2A7C2 /* pdsnd_githubTests.swift */ = {isa = PBXFileReference; lastKnownFileType = sourcecode.swift; path = pdsnd_githubTests.swift; sourceTree = "<group>"; };
		3673126824CF500700E2A7C2 /* Info.plist */ = {isa = PBXFileReference; lastKnownFileType = text.plist.xml; path = Info.plist; sourceTree = "<group>"; };
		3673126D24CF500700E2A7C2 /* pdsnd_githubUITests.xctest */ = {isa = PBXFileReference; explicitFileType = wrapper.cfbundle; includeInIndex = 0; path = pdsnd_githubUITests.xctest; sourceTree = BUILT_PRODUCTS_DIR; };
		3673127124CF500700E2A7C2 /* pdsnd_githubUITests.swift */ = {isa = PBXFileReference; lastKnownFileType = sourcecode.swift; path = pdsnd_githubUITests.swift; sourceTree = "<group>"; };
		3673127324CF500700E2A7C2 /* Info.plist */ = {isa = PBXFileReference; lastKnownFileType = text.plist.xml; path = Info.plist; sourceTree = "<group>"; };
		3673127F24CF7AFA00E2A7C2 /* pdsnd_github */ = {isa = PBXFileReference; lastKnownFileType = folder; path = pdsnd_github; sourceTree = "<group>"; };
		3673128124CF7BDC00E2A7C2 /* bikeshare */ = {isa = PBXFileReference; lastKnownFileType = folder; path = bikeshare; sourceTree = "<group>"; };
		36F7740424CF7CD9009C5B23 /* dvdrental */ = {isa = PBXFileReference; lastKnownFileType = folder; name = dvdrental; path = ../dvdrental; sourceTree = "<group>"; };
/* End PBXFileReference section */

/* Begin PBXFrameworksBuildPhase section */
		3673124624CF500500E2A7C2 /* Frameworks */ = {
			isa = PBXFrameworksBuildPhase;
			buildActionMask = 2147483647;
			files = (
			);
			runOnlyForDeploymentPostprocessing = 0;
		};
		3673125F24CF500700E2A7C2 /* Frameworks */ = {
			isa = PBXFrameworksBuildPhase;
			buildActionMask = 2147483647;
			files = (
			);
			runOnlyForDeploymentPostprocessing = 0;
		};
		3673126A24CF500700E2A7C2 /* Frameworks */ = {
			isa = PBXFrameworksBuildPhase;
			buildActionMask = 2147483647;
			files = (
			);
			runOnlyForDeploymentPostprocessing = 0;
		};
/* End PBXFrameworksBuildPhase section */

/* Begin PBXGroup section */
		3673124024CF500500E2A7C2 = {
			isa = PBXGroup;
			children = (
				36F7740424CF7CD9009C5B23 /* dvdrental */,
				3673128124CF7BDC00E2A7C2 /* bikeshare */,
				3673124B24CF500500E2A7C2 /* pdsnd_github */,
				3673127F24CF7AFA00E2A7C2 /* pdsnd_github */,
				3673126524CF500700E2A7C2 /* pdsnd_githubTests */,
				3673127024CF500700E2A7C2 /* pdsnd_githubUITests */,
				3673124A24CF500500E2A7C2 /* Products */,
			);
			sourceTree = "<group>";
		};
		3673124A24CF500500E2A7C2 /* Products */ = {
			isa = PBXGroup;
			children = (
				3673124924CF500500E2A7C2 /* pdsnd_github.app */,
				3673126224CF500700E2A7C2 /* pdsnd_githubTests.xctest */,
				3673126D24CF500700E2A7C2 /* pdsnd_githubUITests.xctest */,
			);
			name = Products;
			sourceTree = "<group>";
		};
		3673124B24CF500500E2A7C2 /* pdsnd_github */ = {
			isa = PBXGroup;
			children = (
				3673124C24CF500500E2A7C2 /* AppDelegate.swift */,
				3673124E24CF500500E2A7C2 /* SceneDelegate.swift */,
				3673125024CF500500E2A7C2 /* ViewController.swift */,
				3673125224CF500500E2A7C2 /* Main.storyboard */,
				3673125824CF500700E2A7C2 /* Assets.xcassets */,
				3673125A24CF500700E2A7C2 /* LaunchScreen.storyboard */,
				3673125D24CF500700E2A7C2 /* Info.plist */,
				3673125524CF500500E2A7C2 /* pdsnd_github.xcdatamodeld */,
			);
			path = pdsnd_github;
			sourceTree = "<group>";
		};
		3673126524CF500700E2A7C2 /* pdsnd_githubTests */ = {
			isa = PBXGroup;
			children = (
				3673126624CF500700E2A7C2 /* pdsnd_githubTests.swift */,
				3673126824CF500700E2A7C2 /* Info.plist */,
			);
			path = pdsnd_githubTests;
			sourceTree = "<group>";
		};
		3673127024CF500700E2A7C2 /* pdsnd_githubUITests */ = {
			isa = PBXGroup;
			children = (
				3673127124CF500700E2A7C2 /* pdsnd_githubUITests.swift */,
				3673127324CF500700E2A7C2 /* Info.plist */,
			);
			path = pdsnd_githubUITests;
			sourceTree = "<group>";
		};
/* End PBXGroup section */

/* Begin PBXNativeTarget section */
		3673124824CF500500E2A7C2 /* pdsnd_github */ = {
			isa = PBXNativeTarget;
			buildConfigurationList = 3673127624CF500700E2A7C2 /* Build configuration list for PBXNativeTarget "pdsnd_github" */;
			buildPhases = (
				3673124524CF500500E2A7C2 /* Sources */,
				3673124624CF500500E2A7C2 /* Frameworks */,
				3673124724CF500500E2A7C2 /* Resources */,
			);
			buildRules = (
			);
			dependencies = (
			);
			name = pdsnd_github;
			productName = pdsnd_github;
			productReference = 3673124924CF500500E2A7C2 /* pdsnd_github.app */;
			productType = "com.apple.product-type.application";
		};
		3673126124CF500700E2A7C2 /* pdsnd_githubTests */ = {
			isa = PBXNativeTarget;
			buildConfigurationList = 3673127924CF500700E2A7C2 /* Build configuration list for PBXNativeTarget "pdsnd_githubTests" */;
			buildPhases = (
				3673125E24CF500700E2A7C2 /* Sources */,
				3673125F24CF500700E2A7C2 /* Frameworks */,
				3673126024CF500700E2A7C2 /* Resources */,
			);
			buildRules = (
			);
			dependencies = (
				3673126424CF500700E2A7C2 /* PBXTargetDependency */,
			);
			name = pdsnd_githubTests;
			productName = pdsnd_githubTests;
			productReference = 3673126224CF500700E2A7C2 /* pdsnd_githubTests.xctest */;
			productType = "com.apple.product-type.bundle.unit-test";
		};
		3673126C24CF500700E2A7C2 /* pdsnd_githubUITests */ = {
			isa = PBXNativeTarget;
			buildConfigurationList = 3673127C24CF500700E2A7C2 /* Build configuration list for PBXNativeTarget "pdsnd_githubUITests" */;
			buildPhases = (
				3673126924CF500700E2A7C2 /* Sources */,
				3673126A24CF500700E2A7C2 /* Frameworks */,
				3673126B24CF500700E2A7C2 /* Resources */,
			);
			buildRules = (
			);
			dependencies = (
				3673126F24CF500700E2A7C2 /* PBXTargetDependency */,
			);
			name = pdsnd_githubUITests;
			productName = pdsnd_githubUITests;
			productReference = 3673126D24CF500700E2A7C2 /* pdsnd_githubUITests.xctest */;
			productType = "com.apple.product-type.bundle.ui-testing";
		};
/* End PBXNativeTarget section */

/* Begin PBXProject section */
		3673124124CF500500E2A7C2 /* Project object */ = {
			isa = PBXProject;
			attributes = {
				LastSwiftUpdateCheck = 1160;
				LastUpgradeCheck = 1160;
				ORGANIZATIONNAME = "S DR";
				TargetAttributes = {
					3673124824CF500500E2A7C2 = {
						CreatedOnToolsVersion = 11.6;
					};
					3673126124CF500700E2A7C2 = {
						CreatedOnToolsVersion = 11.6;
						TestTargetID = 3673124824CF500500E2A7C2;
					};
					3673126C24CF500700E2A7C2 = {
						CreatedOnToolsVersion = 11.6;
						TestTargetID = 3673124824CF500500E2A7C2;
					};
				};
			};
			buildConfigurationList = 3673124424CF500500E2A7C2 /* Build configuration list for PBXProject "pdsnd_github" */;
			compatibilityVersion = "Xcode 9.3";
			developmentRegion = en;
			hasScannedForEncodings = 0;
			knownRegions = (
				en,
				Base,
			);
			mainGroup = 3673124024CF500500E2A7C2;
			productRefGroup = 3673124A24CF500500E2A7C2 /* Products */;
			projectDirPath = "";
			projectRoot = "";
			targets = (
				3673124824CF500500E2A7C2 /* pdsnd_github */,
				3673126124CF500700E2A7C2 /* pdsnd_githubTests */,
				3673126C24CF500700E2A7C2 /* pdsnd_githubUITests */,
			);
		};
/* End PBXProject section */

/* Begin PBXResourcesBuildPhase section */
		3673124724CF500500E2A7C2 /* Resources */ = {
			isa = PBXResourcesBuildPhase;
			buildActionMask = 2147483647;
			files = (
				3673125C24CF500700E2A7C2 /* LaunchScreen.storyboard in Resources */,
				36F7740524CF7CD9009C5B23 /* dvdrental in Resources */,
				3673125924CF500700E2A7C2 /* Assets.xcassets in Resources */,
				3673125424CF500500E2A7C2 /* Main.storyboard in Resources */,
				3673128224CF7BDC00E2A7C2 /* bikeshare in Resources */,
				3673128024CF7AFA00E2A7C2 /* pdsnd_github in Resources */,
			);
			runOnlyForDeploymentPostprocessing = 0;
		};
		3673126024CF500700E2A7C2 /* Resources */ = {
			isa = PBXResourcesBuildPhase;
			buildActionMask = 2147483647;
			files = (
			);
			runOnlyForDeploymentPostprocessing = 0;
		};
		3673126B24CF500700E2A7C2 /* Resources */ = {
			isa = PBXResourcesBuildPhase;
			buildActionMask = 2147483647;
			files = (
			);
			runOnlyForDeploymentPostprocessing = 0;
		};
/* End PBXResourcesBuildPhase section */

/* Begin PBXSourcesBuildPhase section */
		3673124524CF500500E2A7C2 /* Sources */ = {
			isa = PBXSourcesBuildPhase;
			buildActionMask = 2147483647;
			files = (
				3673125724CF500500E2A7C2 /* pdsnd_github.xcdatamodeld in Sources */,
				3673125124CF500500E2A7C2 /* ViewController.swift in Sources */,
				3673124D24CF500500E2A7C2 /* AppDelegate.swift in Sources */,
				3673124F24CF500500E2A7C2 /* SceneDelegate.swift in Sources */,
			);
			runOnlyForDeploymentPostprocessing = 0;
		};
		3673125E24CF500700E2A7C2 /* Sources */ = {
			isa = PBXSourcesBuildPhase;
			buildActionMask = 2147483647;
			files = (
				3673126724CF500700E2A7C2 /* pdsnd_githubTests.swift in Sources */,
			);
			runOnlyForDeploymentPostprocessing = 0;
		};
		3673126924CF500700E2A7C2 /* Sources */ = {
			isa = PBXSourcesBuildPhase;
			buildActionMask = 2147483647;
			files = (
				3673127224CF500700E2A7C2 /* pdsnd_githubUITests.swift in Sources */,
			);
			runOnlyForDeploymentPostprocessing = 0;
		};
/* End PBXSourcesBuildPhase section */

/* Begin PBXTargetDependency section */
		3673126424CF500700E2A7C2 /* PBXTargetDependency */ = {
			isa = PBXTargetDependency;
			target = 3673124824CF500500E2A7C2 /* pdsnd_github */;
			targetProxy = 3673126324CF500700E2A7C2 /* PBXContainerItemProxy */;
		};
		3673126F24CF500700E2A7C2 /* PBXTargetDependency */ = {
			isa = PBXTargetDependency;
			target = 3673124824CF500500E2A7C2 /* pdsnd_github */;
			targetProxy = 3673126E24CF500700E2A7C2 /* PBXContainerItemProxy */;
		};
/* End PBXTargetDependency section */

/* Begin PBXVariantGroup section */
		3673125224CF500500E2A7C2 /* Main.storyboard */ = {
			isa = PBXVariantGroup;
			children = (
				3673125324CF500500E2A7C2 /* Base */,
			);
			name = Main.storyboard;
			sourceTree = "<group>";
		};
		3673125A24CF500700E2A7C2 /* LaunchScreen.storyboard */ = {
			isa = PBXVariantGroup;
			children = (
				3673125B24CF500700E2A7C2 /* Base */,
			);
			name = LaunchScreen.storyboard;
			sourceTree = "<group>";
		};
/* End PBXVariantGroup section */

/* Begin XCBuildConfiguration section */
		3673127424CF500700E2A7C2 /* Debug */ = {
			isa = XCBuildConfiguration;
			buildSettings = {
				ALWAYS_SEARCH_USER_PATHS = NO;
				CLANG_ANALYZER_NONNULL = YES;
				CLANG_ANALYZER_NUMBER_OBJECT_CONVERSION = YES_AGGRESSIVE;
				CLANG_CXX_LANGUAGE_STANDARD = "gnu++14";
				CLANG_CXX_LIBRARY = "libc++";
				CLANG_ENABLE_MODULES = YES;
				CLANG_ENABLE_OBJC_ARC = YES;
				CLANG_ENABLE_OBJC_WEAK = YES;
				CLANG_WARN_BLOCK_CAPTURE_AUTORELEASING = YES;
				CLANG_WARN_BOOL_CONVERSION = YES;
				CLANG_WARN_COMMA = YES;
				CLANG_WARN_CONSTANT_CONVERSION = YES;
				CLANG_WARN_DEPRECATED_OBJC_IMPLEMENTATIONS = YES;
				CLANG_WARN_DIRECT_OBJC_ISA_USAGE = YES_ERROR;
				CLANG_WARN_DOCUMENTATION_COMMENTS = YES;
				CLANG_WARN_EMPTY_BODY = YES;
				CLANG_WARN_ENUM_CONVERSION = YES;
				CLANG_WARN_INFINITE_RECURSION = YES;
				CLANG_WARN_INT_CONVERSION = YES;
				CLANG_WARN_NON_LITERAL_NULL_CONVERSION = YES;
				CLANG_WARN_OBJC_IMPLICIT_RETAIN_SELF = YES;
				CLANG_WARN_OBJC_LITERAL_CONVERSION = YES;
				CLANG_WARN_OBJC_ROOT_CLASS = YES_ERROR;
				CLANG_WARN_RANGE_LOOP_ANALYSIS = YES;
				CLANG_WARN_STRICT_PROTOTYPES = YES;
				CLANG_WARN_SUSPICIOUS_MOVE = YES;
				CLANG_WARN_UNGUARDED_AVAILABILITY = YES_AGGRESSIVE;
				CLANG_WARN_UNREACHABLE_CODE = YES;
				CLANG_WARN__DUPLICATE_METHOD_MATCH = YES;
				COPY_PHASE_STRIP = NO;
				DEBUG_INFORMATION_FORMAT = dwarf;
				ENABLE_STRICT_OBJC_MSGSEND = YES;
				ENABLE_TESTABILITY = YES;
				GCC_C_LANGUAGE_STANDARD = gnu11;
				GCC_DYNAMIC_NO_PIC = NO;
				GCC_NO_COMMON_BLOCKS = YES;
				GCC_OPTIMIZATION_LEVEL = 0;
				GCC_PREPROCESSOR_DEFINITIONS = (
					"DEBUG=1",
					"$(inherited)",
				);
				GCC_WARN_64_TO_32_BIT_CONVERSION = YES;
				GCC_WARN_ABOUT_RETURN_TYPE = YES_ERROR;
				GCC_WARN_UNDECLARED_SELECTOR = YES;
				GCC_WARN_UNINITIALIZED_AUTOS = YES_AGGRESSIVE;
				GCC_WARN_UNUSED_FUNCTION = YES;
				GCC_WARN_UNUSED_VARIABLE = YES;
				IPHONEOS_DEPLOYMENT_TARGET = 13.6;
				MTL_ENABLE_DEBUG_INFO = INCLUDE_SOURCE;
				MTL_FAST_MATH = YES;
				ONLY_ACTIVE_ARCH = YES;
				SDKROOT = iphoneos;
				SWIFT_ACTIVE_COMPILATION_CONDITIONS = DEBUG;
				SWIFT_OPTIMIZATION_LEVEL = "-Onone";
			};
			name = Debug;
		};
		3673127524CF500700E2A7C2 /* Release */ = {
			isa = XCBuildConfiguration;
			buildSettings = {
				ALWAYS_SEARCH_USER_PATHS = NO;
				CLANG_ANALYZER_NONNULL = YES;
				CLANG_ANALYZER_NUMBER_OBJECT_CONVERSION = YES_AGGRESSIVE;
				CLANG_CXX_LANGUAGE_STANDARD = "gnu++14";
				CLANG_CXX_LIBRARY = "libc++";
				CLANG_ENABLE_MODULES = YES;
				CLANG_ENABLE_OBJC_ARC = YES;
				CLANG_ENABLE_OBJC_WEAK = YES;
				CLANG_WARN_BLOCK_CAPTURE_AUTORELEASING = YES;
				CLANG_WARN_BOOL_CONVERSION = YES;
				CLANG_WARN_COMMA = YES;
				CLANG_WARN_CONSTANT_CONVERSION = YES;
				CLANG_WARN_DEPRECATED_OBJC_IMPLEMENTATIONS = YES;
				CLANG_WARN_DIRECT_OBJC_ISA_USAGE = YES_ERROR;
				CLANG_WARN_DOCUMENTATION_COMMENTS = YES;
				CLANG_WARN_EMPTY_BODY = YES;
				CLANG_WARN_ENUM_CONVERSION = YES;
				CLANG_WARN_INFINITE_RECURSION = YES;
				CLANG_WARN_INT_CONVERSION = YES;
				CLANG_WARN_NON_LITERAL_NULL_CONVERSION = YES;
				CLANG_WARN_OBJC_IMPLICIT_RETAIN_SELF = YES;
				CLANG_WARN_OBJC_LITERAL_CONVERSION = YES;
				CLANG_WARN_OBJC_ROOT_CLASS = YES_ERROR;
				CLANG_WARN_RANGE_LOOP_ANALYSIS = YES;
				CLANG_WARN_STRICT_PROTOTYPES = YES;
				CLANG_WARN_SUSPICIOUS_MOVE = YES;
				CLANG_WARN_UNGUARDED_AVAILABILITY = YES_AGGRESSIVE;
				CLANG_WARN_UNREACHABLE_CODE = YES;
				CLANG_WARN__DUPLICATE_METHOD_MATCH = YES;
				COPY_PHASE_STRIP = NO;
				DEBUG_INFORMATION_FORMAT = "dwarf-with-dsym";
				ENABLE_NS_ASSERTIONS = NO;
				ENABLE_STRICT_OBJC_MSGSEND = YES;
				GCC_C_LANGUAGE_STANDARD = gnu11;
				GCC_NO_COMMON_BLOCKS = YES;
				GCC_WARN_64_TO_32_BIT_CONVERSION = YES;
				GCC_WARN_ABOUT_RETURN_TYPE = YES_ERROR;
				GCC_WARN_UNDECLARED_SELECTOR = YES;
				GCC_WARN_UNINITIALIZED_AUTOS = YES_AGGRESSIVE;
				GCC_WARN_UNUSED_FUNCTION = YES;
				GCC_WARN_UNUSED_VARIABLE = YES;
				IPHONEOS_DEPLOYMENT_TARGET = 13.6;
				MTL_ENABLE_DEBUG_INFO = NO;
				MTL_FAST_MATH = YES;
				SDKROOT = iphoneos;
				SWIFT_COMPILATION_MODE = wholemodule;
				SWIFT_OPTIMIZATION_LEVEL = "-O";
				VALIDATE_PRODUCT = YES;
			};
			name = Release;
		};
		3673127724CF500700E2A7C2 /* Debug */ = {
			isa = XCBuildConfiguration;
			buildSettings = {
				ASSETCATALOG_COMPILER_APPICON_NAME = AppIcon;
				CODE_SIGN_STYLE = Automatic;
				INFOPLIST_FILE = pdsnd_github/Info.plist;
				LD_RUNPATH_SEARCH_PATHS = (
					"$(inherited)",
					"@executable_path/Frameworks",
				);
				PRODUCT_BUNDLE_IDENTIFIER = "SDR.pdsnd-github";
				PRODUCT_NAME = "$(TARGET_NAME)";
				SWIFT_VERSION = 5.0;
				TARGETED_DEVICE_FAMILY = "1,2";
			};
			name = Debug;
		};
		3673127824CF500700E2A7C2 /* Release */ = {
			isa = XCBuildConfiguration;
			buildSettings = {
				ASSETCATALOG_COMPILER_APPICON_NAME = AppIcon;
				CODE_SIGN_STYLE = Automatic;
				INFOPLIST_FILE = pdsnd_github/Info.plist;
				LD_RUNPATH_SEARCH_PATHS = (
					"$(inherited)",
					"@executable_path/Frameworks",
				);
				PRODUCT_BUNDLE_IDENTIFIER = "SDR.pdsnd-github";
				PRODUCT_NAME = "$(TARGET_NAME)";
				SWIFT_VERSION = 5.0;
				TARGETED_DEVICE_FAMILY = "1,2";
			};
			name = Release;
		};
		3673127A24CF500700E2A7C2 /* Debug */ = {
			isa = XCBuildConfiguration;
			buildSettings = {
				ALWAYS_EMBED_SWIFT_STANDARD_LIBRARIES = YES;
				BUNDLE_LOADER = "$(TEST_HOST)";
				CODE_SIGN_STYLE = Automatic;
				INFOPLIST_FILE = pdsnd_githubTests/Info.plist;
				IPHONEOS_DEPLOYMENT_TARGET = 13.6;
				LD_RUNPATH_SEARCH_PATHS = (
					"$(inherited)",
					"@executable_path/Frameworks",
					"@loader_path/Frameworks",
				);
				PRODUCT_BUNDLE_IDENTIFIER = "SDR.pdsnd-githubTests";
				PRODUCT_NAME = "$(TARGET_NAME)";
				SWIFT_VERSION = 5.0;
				TARGETED_DEVICE_FAMILY = "1,2";
				TEST_HOST = "$(BUILT_PRODUCTS_DIR)/pdsnd_github.app/pdsnd_github";
			};
			name = Debug;
		};
		3673127B24CF500700E2A7C2 /* Release */ = {
			isa = XCBuildConfiguration;
			buildSettings = {
				ALWAYS_EMBED_SWIFT_STANDARD_LIBRARIES = YES;
				BUNDLE_LOADER = "$(TEST_HOST)";
				CODE_SIGN_STYLE = Automatic;
				INFOPLIST_FILE = pdsnd_githubTests/Info.plist;
				IPHONEOS_DEPLOYMENT_TARGET = 13.6;
				LD_RUNPATH_SEARCH_PATHS = (
					"$(inherited)",
					"@executable_path/Frameworks",
					"@loader_path/Frameworks",
				);
				PRODUCT_BUNDLE_IDENTIFIER = "SDR.pdsnd-githubTests";
				PRODUCT_NAME = "$(TARGET_NAME)";
				SWIFT_VERSION = 5.0;
				TARGETED_DEVICE_FAMILY = "1,2";
				TEST_HOST = "$(BUILT_PRODUCTS_DIR)/pdsnd_github.app/pdsnd_github";
			};
			name = Release;
		};
		3673127D24CF500700E2A7C2 /* Debug */ = {
			isa = XCBuildConfiguration;
			buildSettings = {
				ALWAYS_EMBED_SWIFT_STANDARD_LIBRARIES = YES;
				CODE_SIGN_STYLE = Automatic;
				INFOPLIST_FILE = pdsnd_githubUITests/Info.plist;
				LD_RUNPATH_SEARCH_PATHS = (
					"$(inherited)",
					"@executable_path/Frameworks",
					"@loader_path/Frameworks",
				);
				PRODUCT_BUNDLE_IDENTIFIER = "SDR.pdsnd-githubUITests";
				PRODUCT_NAME = "$(TARGET_NAME)";
				SWIFT_VERSION = 5.0;
				TARGETED_DEVICE_FAMILY = "1,2";
				TEST_TARGET_NAME = pdsnd_github;
			};
			name = Debug;
		};
		3673127E24CF500700E2A7C2 /* Release */ = {
			isa = XCBuildConfiguration;
			buildSettings = {
				ALWAYS_EMBED_SWIFT_STANDARD_LIBRARIES = YES;
				CODE_SIGN_STYLE = Automatic;
				INFOPLIST_FILE = pdsnd_githubUITests/Info.plist;
				LD_RUNPATH_SEARCH_PATHS = (
					"$(inherited)",
					"@executable_path/Frameworks",
					"@loader_path/Frameworks",
				);
				PRODUCT_BUNDLE_IDENTIFIER = "SDR.pdsnd-githubUITests";
				PRODUCT_NAME = "$(TARGET_NAME)";
				SWIFT_VERSION = 5.0;
				TARGETED_DEVICE_FAMILY = "1,2";
				TEST_TARGET_NAME = pdsnd_github;
			};
			name = Release;
		};
/* End XCBuildConfiguration section */

/* Begin XCConfigurationList section */
		3673124424CF500500E2A7C2 /* Build configuration list for PBXProject "pdsnd_github" */ = {
			isa = XCConfigurationList;
			buildConfigurations = (
				3673127424CF500700E2A7C2 /* Debug */,
				3673127524CF500700E2A7C2 /* Release */,
			);
			defaultConfigurationIsVisible = 0;
			defaultConfigurationName = Release;
		};
		3673127624CF500700E2A7C2 /* Build configuration list for PBXNativeTarget "pdsnd_github" */ = {
			isa = XCConfigurationList;
			buildConfigurations = (
				3673127724CF500700E2A7C2 /* Debug */,
				3673127824CF500700E2A7C2 /* Release */,
			);
			defaultConfigurationIsVisible = 0;
			defaultConfigurationName = Release;
		};
		3673127924CF500700E2A7C2 /* Build configuration list for PBXNativeTarget "pdsnd_githubTests" */ = {
			isa = XCConfigurationList;
			buildConfigurations = (
				3673127A24CF500700E2A7C2 /* Debug */,
				3673127B24CF500700E2A7C2 /* Release */,
			);
			defaultConfigurationIsVisible = 0;
			defaultConfigurationName = Release;
		};
		3673127C24CF500700E2A7C2 /* Build configuration list for PBXNativeTarget "pdsnd_githubUITests" */ = {
			isa = XCConfigurationList;
			buildConfigurations = (
				3673127D24CF500700E2A7C2 /* Debug */,
				3673127E24CF500700E2A7C2 /* Release */,
			);
			defaultConfigurationIsVisible = 0;
			defaultConfigurationName = Release;
		};
/* End XCConfigurationList section */

/* Begin XCVersionGroup section */
		3673125524CF500500E2A7C2 /* pdsnd_github.xcdatamodeld */ = {
			isa = XCVersionGroup;
			children = (
				3673125624CF500500E2A7C2 /* pdsnd_github.xcdatamodel */,
			);
			currentVersion = 3673125624CF500500E2A7C2 /* pdsnd_github.xcdatamodel */;
			path = pdsnd_github.xcdatamodeld;
			sourceTree = "<group>";
			versionGroupType = wrapper.xcdatamodel;
		};
/* End XCVersionGroup section */
	};
	rootObject = 3673124124CF500500E2A7C2 /* Project object */;
}
